// !$*UTF8*$!
{
	archiveVersion = 1;
	classes = {
	};
	objectVersion = 56;
	objects = {

/* Begin PBXBuildFile section */
		040C6EF52901ACA80029EDEE /* CalendarViewController.swift in Sources */ = {isa = PBXBuildFile; fileRef = 040C6EF42901ACA70029EDEE /* CalendarViewController.swift */; };
		040C6EF72901AFE50029EDEE /* CalendarView.swift in Sources */ = {isa = PBXBuildFile; fileRef = 040C6EF62901AFE50029EDEE /* CalendarView.swift */; };
		041230D928FDD3F400737B7E /* CheckData+CoreDataClass.swift in Sources */ = {isa = PBXBuildFile; fileRef = 041230D728FDD3F400737B7E /* CheckData+CoreDataClass.swift */; };
		041230DA28FDD3F400737B7E /* CheckData+CoreDataProperties.swift in Sources */ = {isa = PBXBuildFile; fileRef = 041230D828FDD3F400737B7E /* CheckData+CoreDataProperties.swift */; };
		04177AC228EF03A00085BBB3 /* ScreenAVC.swift in Sources */ = {isa = PBXBuildFile; fileRef = 04177AC128EF03A00085BBB3 /* ScreenAVC.swift */; };
		04177AC528F016330085BBB3 /* CustomCell.swift in Sources */ = {isa = PBXBuildFile; fileRef = 04177AC328F016330085BBB3 /* CustomCell.swift */; };
		04177AC628F016330085BBB3 /* CustomCell.xib in Resources */ = {isa = PBXBuildFile; fileRef = 04177AC428F016330085BBB3 /* CustomCell.xib */; };
		04177ACA28F410310085BBB3 /* CoreDataManager.swift in Sources */ = {isa = PBXBuildFile; fileRef = 04177AC928F410310085BBB3 /* CoreDataManager.swift */; };
		041FC45028DB4BE900180744 /* AppDelegate.swift in Sources */ = {isa = PBXBuildFile; fileRef = 041FC44F28DB4BE900180744 /* AppDelegate.swift */; };
		041FC45228DB4BE900180744 /* SceneDelegate.swift in Sources */ = {isa = PBXBuildFile; fileRef = 041FC45128DB4BE900180744 /* SceneDelegate.swift */; };
		041FC45728DB4BE900180744 /* Main.storyboard in Resources */ = {isa = PBXBuildFile; fileRef = 041FC45528DB4BE900180744 /* Main.storyboard */; };
		041FC45928DB4BEC00180744 /* Assets.xcassets in Resources */ = {isa = PBXBuildFile; fileRef = 041FC45828DB4BEC00180744 /* Assets.xcassets */; };
		041FC45C28DB4BEC00180744 /* LaunchScreen.storyboard in Resources */ = {isa = PBXBuildFile; fileRef = 041FC45A28DB4BEC00180744 /* LaunchScreen.storyboard */; };
		0423EAE42906B8320071F148 /* FestCoreData.xcdatamodeld in Sources */ = {isa = PBXBuildFile; fileRef = 0423EAE22906B8320071F148 /* FestCoreData.xcdatamodeld */; };
		04484AD62903042B0042765C /* ChoosedDate+CoreDataClass.swift in Sources */ = {isa = PBXBuildFile; fileRef = 04484AD42903042B0042765C /* ChoosedDate+CoreDataClass.swift */; };
		04484AD72903042B0042765C /* ChoosedDate+CoreDataProperties.swift in Sources */ = {isa = PBXBuildFile; fileRef = 04484AD52903042B0042765C /* ChoosedDate+CoreDataProperties.swift */; };
		0470C12328EF00F100343A10 /* ScreenBVC.swift in Sources */ = {isa = PBXBuildFile; fileRef = 0470C12228EF00F100343A10 /* ScreenBVC.swift */; };
		0470C12528EF010400343A10 /* ScreenCVC.swift in Sources */ = {isa = PBXBuildFile; fileRef = 0470C12428EF010400343A10 /* ScreenCVC.swift */; };
		0470C12728EF011D00343A10 /* SearchVC.swift in Sources */ = {isa = PBXBuildFile; fileRef = 0470C12628EF011D00343A10 /* SearchVC.swift */; };
		04743DA32905878D000FAFB5 /* CustommCellC.swift in Sources */ = {isa = PBXBuildFile; fileRef = 04743DA12905878D000FAFB5 /* CustommCellC.swift */; };
		04743DA42905878D000FAFB5 /* CustommCellC.xib in Resources */ = {isa = PBXBuildFile; fileRef = 04743DA22905878D000FAFB5 /* CustommCellC.xib */; };
		047E695928FC9BC90044A815 /* NetworkManager.swift in Sources */ = {isa = PBXBuildFile; fileRef = 047E695828FC9BC90044A815 /* NetworkManager.swift */; };
		048B07022902DDE90037D656 /* DateFormatter.swift in Sources */ = {isa = PBXBuildFile; fileRef = 048B07012902DDE90037D656 /* DateFormatter.swift */; };
		048C22AD290B2B2C007EB3E8 /* FestData+CoreDataClass.swift in Sources */ = {isa = PBXBuildFile; fileRef = 048C22AB290B2B2C007EB3E8 /* FestData+CoreDataClass.swift */; };
		048C22AE290B2B2C007EB3E8 /* FestData+CoreDataProperties.swift in Sources */ = {isa = PBXBuildFile; fileRef = 048C22AC290B2B2C007EB3E8 /* FestData+CoreDataProperties.swift */; };
		048C22B1290BF11D007EB3E8 /* PreviousFestData+CoreDataClass.swift in Sources */ = {isa = PBXBuildFile; fileRef = 048C22AF290BF11D007EB3E8 /* PreviousFestData+CoreDataClass.swift */; };
		048C22B2290BF11D007EB3E8 /* PreviousFestData+CoreDataProperties.swift in Sources */ = {isa = PBXBuildFile; fileRef = 048C22B0290BF11D007EB3E8 /* PreviousFestData+CoreDataProperties.swift */; };
		04ABC4B928F5B3C8007841C2 /* festJson.json in Resources */ = {isa = PBXBuildFile; fileRef = 04ABC4B828F5B3C8007841C2 /* festJson.json */; };
/* End PBXBuildFile section */

/* Begin PBXFileReference section */
		040C6EF42901ACA70029EDEE /* CalendarViewController.swift */ = {isa = PBXFileReference; lastKnownFileType = sourcecode.swift; path = CalendarViewController.swift; sourceTree = "<group>"; };
		040C6EF62901AFE50029EDEE /* CalendarView.swift */ = {isa = PBXFileReference; lastKnownFileType = sourcecode.swift; path = CalendarView.swift; sourceTree = "<group>"; };
		041230D728FDD3F400737B7E /* CheckData+CoreDataClass.swift */ = {isa = PBXFileReference; lastKnownFileType = sourcecode.swift; path = "CheckData+CoreDataClass.swift"; sourceTree = "<group>"; };
		041230D828FDD3F400737B7E /* CheckData+CoreDataProperties.swift */ = {isa = PBXFileReference; lastKnownFileType = sourcecode.swift; path = "CheckData+CoreDataProperties.swift"; sourceTree = "<group>"; };
		04177AC128EF03A00085BBB3 /* ScreenAVC.swift */ = {isa = PBXFileReference; lastKnownFileType = sourcecode.swift; path = ScreenAVC.swift; sourceTree = "<group>"; };
		04177AC328F016330085BBB3 /* CustomCell.swift */ = {isa = PBXFileReference; lastKnownFileType = sourcecode.swift; path = CustomCell.swift; sourceTree = "<group>"; };
		04177AC428F016330085BBB3 /* CustomCell.xib */ = {isa = PBXFileReference; lastKnownFileType = file.xib; path = CustomCell.xib; sourceTree = "<group>"; };
		04177AC928F410310085BBB3 /* CoreDataManager.swift */ = {isa = PBXFileReference; lastKnownFileType = sourcecode.swift; path = CoreDataManager.swift; sourceTree = "<group>"; };
		041FC44C28DB4BE900180744 /* FestIvent.app */ = {isa = PBXFileReference; explicitFileType = wrapper.application; includeInIndex = 0; path = FestIvent.app; sourceTree = BUILT_PRODUCTS_DIR; };
		041FC44F28DB4BE900180744 /* AppDelegate.swift */ = {isa = PBXFileReference; lastKnownFileType = sourcecode.swift; path = AppDelegate.swift; sourceTree = "<group>"; };
		041FC45128DB4BE900180744 /* SceneDelegate.swift */ = {isa = PBXFileReference; lastKnownFileType = sourcecode.swift; path = SceneDelegate.swift; sourceTree = "<group>"; };
		041FC45628DB4BE900180744 /* Base */ = {isa = PBXFileReference; lastKnownFileType = file.storyboard; name = Base; path = Base.lproj/Main.storyboard; sourceTree = "<group>"; };
		041FC45828DB4BEC00180744 /* Assets.xcassets */ = {isa = PBXFileReference; lastKnownFileType = folder.assetcatalog; path = Assets.xcassets; sourceTree = "<group>"; };
		041FC45B28DB4BEC00180744 /* Base */ = {isa = PBXFileReference; lastKnownFileType = file.storyboard; name = Base; path = Base.lproj/LaunchScreen.storyboard; sourceTree = "<group>"; };
		041FC45D28DB4BEC00180744 /* Info.plist */ = {isa = PBXFileReference; lastKnownFileType = text.plist.xml; path = Info.plist; sourceTree = "<group>"; };
		0423EAE32906B8320071F148 /* FestCoreData.xcdatamodel */ = {isa = PBXFileReference; lastKnownFileType = wrapper.xcdatamodel; path = FestCoreData.xcdatamodel; sourceTree = "<group>"; };
		04484AD42903042B0042765C /* ChoosedDate+CoreDataClass.swift */ = {isa = PBXFileReference; lastKnownFileType = sourcecode.swift; path = "ChoosedDate+CoreDataClass.swift"; sourceTree = "<group>"; };
		04484AD52903042B0042765C /* ChoosedDate+CoreDataProperties.swift */ = {isa = PBXFileReference; lastKnownFileType = sourcecode.swift; path = "ChoosedDate+CoreDataProperties.swift"; sourceTree = "<group>"; };
		0470C12228EF00F100343A10 /* ScreenBVC.swift */ = {isa = PBXFileReference; lastKnownFileType = sourcecode.swift; path = ScreenBVC.swift; sourceTree = "<group>"; };
		0470C12428EF010400343A10 /* ScreenCVC.swift */ = {isa = PBXFileReference; lastKnownFileType = sourcecode.swift; path = ScreenCVC.swift; sourceTree = "<group>"; };
		0470C12628EF011D00343A10 /* SearchVC.swift */ = {isa = PBXFileReference; lastKnownFileType = sourcecode.swift; path = SearchVC.swift; sourceTree = "<group>"; };
		04743DA12905878D000FAFB5 /* CustommCellC.swift */ = {isa = PBXFileReference; lastKnownFileType = sourcecode.swift; path = CustommCellC.swift; sourceTree = "<group>"; };
		04743DA22905878D000FAFB5 /* CustommCellC.xib */ = {isa = PBXFileReference; lastKnownFileType = file.xib; path = CustommCellC.xib; sourceTree = "<group>"; };
		047E695828FC9BC90044A815 /* NetworkManager.swift */ = {isa = PBXFileReference; lastKnownFileType = sourcecode.swift; path = NetworkManager.swift; sourceTree = "<group>"; };
		048B07012902DDE90037D656 /* DateFormatter.swift */ = {isa = PBXFileReference; lastKnownFileType = sourcecode.swift; path = DateFormatter.swift; sourceTree = "<group>"; };
		048C22AB290B2B2C007EB3E8 /* FestData+CoreDataClass.swift */ = {isa = PBXFileReference; lastKnownFileType = sourcecode.swift; path = "FestData+CoreDataClass.swift"; sourceTree = "<group>"; };
		048C22AC290B2B2C007EB3E8 /* FestData+CoreDataProperties.swift */ = {isa = PBXFileReference; lastKnownFileType = sourcecode.swift; path = "FestData+CoreDataProperties.swift"; sourceTree = "<group>"; };
		048C22AF290BF11D007EB3E8 /* PreviousFestData+CoreDataClass.swift */ = {isa = PBXFileReference; lastKnownFileType = sourcecode.swift; path = "PreviousFestData+CoreDataClass.swift"; sourceTree = "<group>"; };
		048C22B0290BF11D007EB3E8 /* PreviousFestData+CoreDataProperties.swift */ = {isa = PBXFileReference; lastKnownFileType = sourcecode.swift; path = "PreviousFestData+CoreDataProperties.swift"; sourceTree = "<group>"; };
		04ABC4B828F5B3C8007841C2 /* festJson.json */ = {isa = PBXFileReference; fileEncoding = 4; lastKnownFileType = text.json; path = festJson.json; sourceTree = "<group>"; };
/* End PBXFileReference section */

/* Begin PBXFrameworksBuildPhase section */
		041FC44928DB4BE900180744 /* Frameworks */ = {
			isa = PBXFrameworksBuildPhase;
			buildActionMask = 2147483647;
			files = (
			);
			runOnlyForDeploymentPostprocessing = 0;
		};
/* End PBXFrameworksBuildPhase section */

/* Begin PBXGroup section */
		04177AC728F016540085BBB3 /* CustomCell */ = {
			isa = PBXGroup;
			children = (
				04177AC328F016330085BBB3 /* CustomCell.swift */,
				04177AC428F016330085BBB3 /* CustomCell.xib */,
				04743DA12905878D000FAFB5 /* CustommCellC.swift */,
				04743DA22905878D000FAFB5 /* CustommCellC.xib */,
			);
			path = CustomCell;
			sourceTree = "<group>";
		};
		04177AC828F0168D0085BBB3 /* CoreData */ = {
			isa = PBXGroup;
			children = (
				04177AC928F410310085BBB3 /* CoreDataManager.swift */,
				04484AD42903042B0042765C /* ChoosedDate+CoreDataClass.swift */,
				04484AD52903042B0042765C /* ChoosedDate+CoreDataProperties.swift */,
				041230D728FDD3F400737B7E /* CheckData+CoreDataClass.swift */,
				041230D828FDD3F400737B7E /* CheckData+CoreDataProperties.swift */,
				048C22AF290BF11D007EB3E8 /* PreviousFestData+CoreDataClass.swift */,
				048C22B0290BF11D007EB3E8 /* PreviousFestData+CoreDataProperties.swift */,
				048C22AB290B2B2C007EB3E8 /* FestData+CoreDataClass.swift */,
				048C22AC290B2B2C007EB3E8 /* FestData+CoreDataProperties.swift */,
				0423EAE22906B8320071F148 /* FestCoreData.xcdatamodeld */,
				04ABC4B828F5B3C8007841C2 /* festJson.json */,
			);
			path = CoreData;
			sourceTree = "<group>";
		};
		041FC44328DB4BE800180744 = {
			isa = PBXGroup;
			children = (
				041FC44E28DB4BE900180744 /* FestIvent */,
				041FC44D28DB4BE900180744 /* Products */,
			);
			sourceTree = "<group>";
		};
		041FC44D28DB4BE900180744 /* Products */ = {
			isa = PBXGroup;
			children = (
				041FC44C28DB4BE900180744 /* FestIvent.app */,
			);
			name = Products;
			sourceTree = "<group>";
		};
		041FC44E28DB4BE900180744 /* FestIvent */ = {
			isa = PBXGroup;
			children = (
				04177AC728F016540085BBB3 /* CustomCell */,
				04177AC828F0168D0085BBB3 /* CoreData */,
				041FC44F28DB4BE900180744 /* AppDelegate.swift */,
				047E695828FC9BC90044A815 /* NetworkManager.swift */,
				048B07012902DDE90037D656 /* DateFormatter.swift */,
				041FC45128DB4BE900180744 /* SceneDelegate.swift */,
				04177AC128EF03A00085BBB3 /* ScreenAVC.swift */,
				040C6EF62901AFE50029EDEE /* CalendarView.swift */,
				040C6EF42901ACA70029EDEE /* CalendarViewController.swift */,
				0470C12228EF00F100343A10 /* ScreenBVC.swift */,
				0470C12628EF011D00343A10 /* SearchVC.swift */,
				0470C12428EF010400343A10 /* ScreenCVC.swift */,
				041FC45528DB4BE900180744 /* Main.storyboard */,
				041FC45828DB4BEC00180744 /* Assets.xcassets */,
				041FC45A28DB4BEC00180744 /* LaunchScreen.storyboard */,
				041FC45D28DB4BEC00180744 /* Info.plist */,
			);
			path = FestIvent;
			sourceTree = "<group>";
		};
/* End PBXGroup section */

/* Begin PBXNativeTarget section */
		041FC44B28DB4BE900180744 /* FestIvent */ = {
			isa = PBXNativeTarget;
			buildConfigurationList = 041FC46028DB4BEC00180744 /* Build configuration list for PBXNativeTarget "FestIvent" */;
			buildPhases = (
				041FC44828DB4BE900180744 /* Sources */,
				041FC44928DB4BE900180744 /* Frameworks */,
				041FC44A28DB4BE900180744 /* Resources */,
			);
			buildRules = (
			);
			dependencies = (
			);
			name = FestIvent;
			productName = FestIvent;
			productReference = 041FC44C28DB4BE900180744 /* FestIvent.app */;
			productType = "com.apple.product-type.application";
		};
/* End PBXNativeTarget section */

/* Begin PBXProject section */
		041FC44428DB4BE800180744 /* Project object */ = {
			isa = PBXProject;
			attributes = {
				BuildIndependentTargetsInParallel = 1;
				LastSwiftUpdateCheck = 1400;
				LastUpgradeCheck = 1400;
				TargetAttributes = {
					041FC44B28DB4BE900180744 = {
						CreatedOnToolsVersion = 14.0;
					};
				};
			};
			buildConfigurationList = 041FC44728DB4BE800180744 /* Build configuration list for PBXProject "FestIvent" */;
			compatibilityVersion = "Xcode 14.0";
			developmentRegion = en;
			hasScannedForEncodings = 0;
			knownRegions = (
				en,
				Base,
			);
			mainGroup = 041FC44328DB4BE800180744;
			productRefGroup = 041FC44D28DB4BE900180744 /* Products */;
			projectDirPath = "";
			projectRoot = "";
			targets = (
				041FC44B28DB4BE900180744 /* FestIvent */,
			);
		};
/* End PBXProject section */

/* Begin PBXResourcesBuildPhase section */
		041FC44A28DB4BE900180744 /* Resources */ = {
			isa = PBXResourcesBuildPhase;
			buildActionMask = 2147483647;
			files = (
				041FC45C28DB4BEC00180744 /* LaunchScreen.storyboard in Resources */,
				041FC45928DB4BEC00180744 /* Assets.xcassets in Resources */,
				04743DA42905878D000FAFB5 /* CustommCellC.xib in Resources */,
				04ABC4B928F5B3C8007841C2 /* festJson.json in Resources */,
				04177AC628F016330085BBB3 /* CustomCell.xib in Resources */,
				041FC45728DB4BE900180744 /* Main.storyboard in Resources */,
			);
			runOnlyForDeploymentPostprocessing = 0;
		};
/* End PBXResourcesBuildPhase section */

/* Begin PBXSourcesBuildPhase section */
		041FC44828DB4BE900180744 /* Sources */ = {
			isa = PBXSourcesBuildPhase;
			buildActionMask = 2147483647;
			files = (
				040C6EF52901ACA80029EDEE /* CalendarViewController.swift in Sources */,
				048C22AE290B2B2C007EB3E8 /* FestData+CoreDataProperties.swift in Sources */,
				048C22AD290B2B2C007EB3E8 /* FestData+CoreDataClass.swift in Sources */,
				047E695928FC9BC90044A815 /* NetworkManager.swift in Sources */,
				0423EAE42906B8320071F148 /* FestCoreData.xcdatamodeld in Sources */,
				040C6EF72901AFE50029EDEE /* CalendarView.swift in Sources */,
				041FC45028DB4BE900180744 /* AppDelegate.swift in Sources */,
				04177AC528F016330085BBB3 /* CustomCell.swift in Sources */,
				041230D928FDD3F400737B7E /* CheckData+CoreDataClass.swift in Sources */,
				041230DA28FDD3F400737B7E /* CheckData+CoreDataProperties.swift in Sources */,
				048C22B2290BF11D007EB3E8 /* PreviousFestData+CoreDataProperties.swift in Sources */,
				04484AD62903042B0042765C /* ChoosedDate+CoreDataClass.swift in Sources */,
				04484AD72903042B0042765C /* ChoosedDate+CoreDataProperties.swift in Sources */,
				048C22B1290BF11D007EB3E8 /* PreviousFestData+CoreDataClass.swift in Sources */,
				048B07022902DDE90037D656 /* DateFormatter.swift in Sources */,
				0470C12728EF011D00343A10 /* SearchVC.swift in Sources */,
				04743DA32905878D000FAFB5 /* CustommCellC.swift in Sources */,
				04177AC228EF03A00085BBB3 /* ScreenAVC.swift in Sources */,
				041FC45228DB4BE900180744 /* SceneDelegate.swift in Sources */,
				0470C12528EF010400343A10 /* ScreenCVC.swift in Sources */,
				0470C12328EF00F100343A10 /* ScreenBVC.swift in Sources */,
				04177ACA28F410310085BBB3 /* CoreDataManager.swift in Sources */,
			);
			runOnlyForDeploymentPostprocessing = 0;
		};
/* End PBXSourcesBuildPhase section */

/* Begin PBXVariantGroup section */
		041FC45528DB4BE900180744 /* Main.storyboard */ = {
			isa = PBXVariantGroup;
			children = (
				041FC45628DB4BE900180744 /* Base */,
			);
			name = Main.storyboard;
			sourceTree = "<group>";
		};
		041FC45A28DB4BEC00180744 /* LaunchScreen.storyboard */ = {
			isa = PBXVariantGroup;
			children = (
				041FC45B28DB4BEC00180744 /* Base */,
			);
			name = LaunchScreen.storyboard;
			sourceTree = "<group>";
		};
/* End PBXVariantGroup section */

/* Begin XCBuildConfiguration section */
		041FC45E28DB4BEC00180744 /* Debug */ = {
			isa = XCBuildConfiguration;
			buildSettings = {
				ALWAYS_SEARCH_USER_PATHS = NO;
				CLANG_ANALYZER_NONNULL = YES;
				CLANG_ANALYZER_NUMBER_OBJECT_CONVERSION = YES_AGGRESSIVE;
				CLANG_CXX_LANGUAGE_STANDARD = "gnu++20";
				CLANG_ENABLE_MODULES = YES;
				CLANG_ENABLE_OBJC_ARC = YES;
				CLANG_ENABLE_OBJC_WEAK = YES;
				CLANG_WARN_BLOCK_CAPTURE_AUTORELEASING = YES;
				CLANG_WARN_BOOL_CONVERSION = YES;
				CLANG_WARN_COMMA = YES;
				CLANG_WARN_CONSTANT_CONVERSION = YES;
				CLANG_WARN_DEPRECATED_OBJC_IMPLEMENTATIONS = YES;
				CLANG_WARN_DIRECT_OBJC_ISA_USAGE = YES_ERROR;
				CLANG_WARN_DOCUMENTATION_COMMENTS = YES;
				CLANG_WARN_EMPTY_BODY = YES;
				CLANG_WARN_ENUM_CONVERSION = YES;
				CLANG_WARN_INFINITE_RECURSION = YES;
				CLANG_WARN_INT_CONVERSION = YES;
				CLANG_WARN_NON_LITERAL_NULL_CONVERSION = YES;
				CLANG_WARN_OBJC_IMPLICIT_RETAIN_SELF = YES;
				CLANG_WARN_OBJC_LITERAL_CONVERSION = YES;
				CLANG_WARN_OBJC_ROOT_CLASS = YES_ERROR;
				CLANG_WARN_QUOTED_INCLUDE_IN_FRAMEWORK_HEADER = YES;
				CLANG_WARN_RANGE_LOOP_ANALYSIS = YES;
				CLANG_WARN_STRICT_PROTOTYPES = YES;
				CLANG_WARN_SUSPICIOUS_MOVE = YES;
				CLANG_WARN_UNGUARDED_AVAILABILITY = YES_AGGRESSIVE;
				CLANG_WARN_UNREACHABLE_CODE = YES;
				CLANG_WARN__DUPLICATE_METHOD_MATCH = YES;
				COPY_PHASE_STRIP = NO;
				DEBUG_INFORMATION_FORMAT = dwarf;
				ENABLE_STRICT_OBJC_MSGSEND = YES;
				ENABLE_TESTABILITY = YES;
				GCC_C_LANGUAGE_STANDARD = gnu11;
				GCC_DYNAMIC_NO_PIC = NO;
				GCC_NO_COMMON_BLOCKS = YES;
				GCC_OPTIMIZATION_LEVEL = 0;
				GCC_PREPROCESSOR_DEFINITIONS = (
					"DEBUG=1",
					"$(inherited)",
				);
				GCC_WARN_64_TO_32_BIT_CONVERSION = YES;
				GCC_WARN_ABOUT_RETURN_TYPE = YES_ERROR;
				GCC_WARN_UNDECLARED_SELECTOR = YES;
				GCC_WARN_UNINITIALIZED_AUTOS = YES_AGGRESSIVE;
				GCC_WARN_UNUSED_FUNCTION = YES;
				GCC_WARN_UNUSED_VARIABLE = YES;
				IPHONEOS_DEPLOYMENT_TARGET = 16.0;
				MTL_ENABLE_DEBUG_INFO = INCLUDE_SOURCE;
				MTL_FAST_MATH = YES;
				ONLY_ACTIVE_ARCH = YES;
				SDKROOT = iphoneos;
				SWIFT_ACTIVE_COMPILATION_CONDITIONS = DEBUG;
				SWIFT_OPTIMIZATION_LEVEL = "-Onone";
			};
			name = Debug;
		};
		041FC45F28DB4BEC00180744 /* Release */ = {
			isa = XCBuildConfiguration;
			buildSettings = {
				ALWAYS_SEARCH_USER_PATHS = NO;
				CLANG_ANALYZER_NONNULL = YES;
				CLANG_ANALYZER_NUMBER_OBJECT_CONVERSION = YES_AGGRESSIVE;
				CLANG_CXX_LANGUAGE_STANDARD = "gnu++20";
				CLANG_ENABLE_MODULES = YES;
				CLANG_ENABLE_OBJC_ARC = YES;
				CLANG_ENABLE_OBJC_WEAK = YES;
				CLANG_WARN_BLOCK_CAPTURE_AUTORELEASING = YES;
				CLANG_WARN_BOOL_CONVERSION = YES;
				CLANG_WARN_COMMA = YES;
				CLANG_WARN_CONSTANT_CONVERSION = YES;
				CLANG_WARN_DEPRECATED_OBJC_IMPLEMENTATIONS = YES;
				CLANG_WARN_DIRECT_OBJC_ISA_USAGE = YES_ERROR;
				CLANG_WARN_DOCUMENTATION_COMMENTS = YES;
				CLANG_WARN_EMPTY_BODY = YES;
				CLANG_WARN_ENUM_CONVERSION = YES;
				CLANG_WARN_INFINITE_RECURSION = YES;
				CLANG_WARN_INT_CONVERSION = YES;
				CLANG_WARN_NON_LITERAL_NULL_CONVERSION = YES;
				CLANG_WARN_OBJC_IMPLICIT_RETAIN_SELF = YES;
				CLANG_WARN_OBJC_LITERAL_CONVERSION = YES;
				CLANG_WARN_OBJC_ROOT_CLASS = YES_ERROR;
				CLANG_WARN_QUOTED_INCLUDE_IN_FRAMEWORK_HEADER = YES;
				CLANG_WARN_RANGE_LOOP_ANALYSIS = YES;
				CLANG_WARN_STRICT_PROTOTYPES = YES;
				CLANG_WARN_SUSPICIOUS_MOVE = YES;
				CLANG_WARN_UNGUARDED_AVAILABILITY = YES_AGGRESSIVE;
				CLANG_WARN_UNREACHABLE_CODE = YES;
				CLANG_WARN__DUPLICATE_METHOD_MATCH = YES;
				COPY_PHASE_STRIP = NO;
				DEBUG_INFORMATION_FORMAT = "dwarf-with-dsym";
				ENABLE_NS_ASSERTIONS = NO;
				ENABLE_STRICT_OBJC_MSGSEND = YES;
				GCC_C_LANGUAGE_STANDARD = gnu11;
				GCC_NO_COMMON_BLOCKS = YES;
				GCC_WARN_64_TO_32_BIT_CONVERSION = YES;
				GCC_WARN_ABOUT_RETURN_TYPE = YES_ERROR;
				GCC_WARN_UNDECLARED_SELECTOR = YES;
				GCC_WARN_UNINITIALIZED_AUTOS = YES_AGGRESSIVE;
				GCC_WARN_UNUSED_FUNCTION = YES;
				GCC_WARN_UNUSED_VARIABLE = YES;
				IPHONEOS_DEPLOYMENT_TARGET = 16.0;
				MTL_ENABLE_DEBUG_INFO = NO;
				MTL_FAST_MATH = YES;
				SDKROOT = iphoneos;
				SWIFT_COMPILATION_MODE = wholemodule;
				SWIFT_OPTIMIZATION_LEVEL = "-O";
				VALIDATE_PRODUCT = YES;
			};
			name = Release;
		};
		041FC46128DB4BEC00180744 /* Debug */ = {
			isa = XCBuildConfiguration;
			buildSettings = {
				ASSETCATALOG_COMPILER_APPICON_NAME = AppIcon;
				ASSETCATALOG_COMPILER_GLOBAL_ACCENT_COLOR_NAME = AccentColor;
				CODE_SIGN_STYLE = Automatic;
				CURRENT_PROJECT_VERSION = 1;
				DEVELOPMENT_TEAM = FJV9AYK647;
				GENERATE_INFOPLIST_FILE = YES;
				INFOPLIST_FILE = FestIvent/Info.plist;
				INFOPLIST_KEY_CFBundleDisplayName = "FestIvent - All festivals and events in your phone.";
				INFOPLIST_KEY_LSApplicationCategoryType = "public.app-category.entertainment";
				INFOPLIST_KEY_UIApplicationSupportsIndirectInputEvents = YES;
				INFOPLIST_KEY_UILaunchStoryboardName = "";
				INFOPLIST_KEY_UIMainStoryboardFile = Main;
				INFOPLIST_KEY_UISupportedInterfaceOrientations_iPad = "UIInterfaceOrientationPortrait UIInterfaceOrientationPortraitUpsideDown UIInterfaceOrientationLandscapeLeft UIInterfaceOrientationLandscapeRight";
				INFOPLIST_KEY_UISupportedInterfaceOrientations_iPhone = "UIInterfaceOrientationPortrait UIInterfaceOrientationLandscapeLeft UIInterfaceOrientationLandscapeRight";
				IPHONEOS_DEPLOYMENT_TARGET = 16.0;
				LD_RUNPATH_SEARCH_PATHS = (
					"$(inherited)",
					"@executable_path/Frameworks",
				);
				MARKETING_VERSION = 1.0;
				PRODUCT_BUNDLE_IDENTIFIER = "com.it-academy.FestIvent";
				PRODUCT_NAME = "$(TARGET_NAME)";
				SWIFT_EMIT_LOC_STRINGS = YES;
				SWIFT_VERSION = 5.0;
				TARGETED_DEVICE_FAMILY = "1,2";
			};
			name = Debug;
		};
		041FC46228DB4BEC00180744 /* Release */ = {
			isa = XCBuildConfiguration;
			buildSettings = {
				ASSETCATALOG_COMPILER_APPICON_NAME = AppIcon;
				ASSETCATALOG_COMPILER_GLOBAL_ACCENT_COLOR_NAME = AccentColor;
				CODE_SIGN_STYLE = Automatic;
				CURRENT_PROJECT_VERSION = 1;
				DEVELOPMENT_TEAM = FJV9AYK647;
				GENERATE_INFOPLIST_FILE = YES;
				INFOPLIST_FILE = FestIvent/Info.plist;
				INFOPLIST_KEY_CFBundleDisplayName = "FestIvent - All festivals and events in your phone.";
				INFOPLIST_KEY_LSApplicationCategoryType = "public.app-category.entertainment";
				INFOPLIST_KEY_UIApplicationSupportsIndirectInputEvents = YES;
				INFOPLIST_KEY_UILaunchStoryboardName = "";
				INFOPLIST_KEY_UIMainStoryboardFile = Main;
				INFOPLIST_KEY_UISupportedInterfaceOrientations_iPad = "UIInterfaceOrientationPortrait UIInterfaceOrientationPortraitUpsideDown UIInterfaceOrientationLandscapeLeft UIInterfaceOrientationLandscapeRight";
				INFOPLIST_KEY_UISupportedInterfaceOrientations_iPhone = "UIInterfaceOrientationPortrait UIInterfaceOrientationLandscapeLeft UIInterfaceOrientationLandscapeRight";
				IPHONEOS_DEPLOYMENT_TARGET = 16.0;
				LD_RUNPATH_SEARCH_PATHS = (
					"$(inherited)",
					"@executable_path/Frameworks",
				);
				MARKETING_VERSION = 1.0;
				PRODUCT_BUNDLE_IDENTIFIER = "com.it-academy.FestIvent";
				PRODUCT_NAME = "$(TARGET_NAME)";
				SWIFT_EMIT_LOC_STRINGS = YES;
				SWIFT_VERSION = 5.0;
				TARGETED_DEVICE_FAMILY = "1,2";
			};
			name = Release;
		};
/* End XCBuildConfiguration section */

/* Begin XCConfigurationList section */
		041FC44728DB4BE800180744 /* Build configuration list for PBXProject "FestIvent" */ = {
			isa = XCConfigurationList;
			buildConfigurations = (
				041FC45E28DB4BEC00180744 /* Debug */,
				041FC45F28DB4BEC00180744 /* Release */,
			);
			defaultConfigurationIsVisible = 0;
			defaultConfigurationName = Release;
		};
		041FC46028DB4BEC00180744 /* Build configuration list for PBXNativeTarget "FestIvent" */ = {
			isa = XCConfigurationList;
			buildConfigurations = (
				041FC46128DB4BEC00180744 /* Debug */,
				041FC46228DB4BEC00180744 /* Release */,
			);
			defaultConfigurationIsVisible = 0;
			defaultConfigurationName = Release;
		};
/* End XCConfigurationList section */

/* Begin XCVersionGroup section */
		0423EAE22906B8320071F148 /* FestCoreData.xcdatamodeld */ = {
			isa = XCVersionGroup;
			children = (
				0423EAE32906B8320071F148 /* FestCoreData.xcdatamodel */,
			);
			currentVersion = 0423EAE32906B8320071F148 /* FestCoreData.xcdatamodel */;
			path = FestCoreData.xcdatamodeld;
			sourceTree = "<group>";
			versionGroupType = wrapper.xcdatamodel;
		};
/* End XCVersionGroup section */
	};
	rootObject = 041FC44428DB4BE800180744 /* Project object */;
}
